// !$*UTF8*$!
{
	archiveVersion = 1;
	classes = {
	};
	objectVersion = 77;
	objects = {

/* Begin PBXBuildFile section */
		01C86B691A8F11FBA2F4E03B /* HardsubOverlayView.swift in Sources */ = {isa = PBXBuildFile; fileRef = 641C0D6A1A177CEF04ABCE1B /* HardsubOverlayView.swift */; };
		03DA3614A1137ED2D5E8DEAC /* YouTubeURL.swift in Sources */ = {isa = PBXBuildFile; fileRef = DBC06CACB5E21ED0F45E33D4 /* YouTubeURL.swift */; };
		07FF03F6EFBA414BDFF2961E /* FreqService.swift in Sources */ = {isa = PBXBuildFile; fileRef = 792772A0D58934B45726519D /* FreqService.swift */; };
		1345ED45A537400D06B9D298 /* CueEditorRow.swift in Sources */ = {isa = PBXBuildFile; fileRef = 008AF8B086A96EBBC7D78A39 /* CueEditorRow.swift */; };
		3EA303D952E882591535A41E /* DictPopupView.swift in Sources */ = {isa = PBXBuildFile; fileRef = 4E7A9D5AA7AB8DD101189896 /* DictPopupView.swift */; };
		4311DC1436E7370D8F64AC22 /* dict.sqlite in Resources */ = {isa = PBXBuildFile; fileRef = B883C2D182FCCB052DB62AB7 /* dict.sqlite */; };
		612AFEB9A6EAC577064641FE /* LayoutSmoke.swift in Sources */ = {isa = PBXBuildFile; fileRef = 27C836678EF7ED9B8585035E /* LayoutSmoke.swift */; };
		6F7640688EB87BEF5EDDB59D /* DictionaryService.swift in Sources */ = {isa = PBXBuildFile; fileRef = DAF29E3058D31465754DE87B /* DictionaryService.swift */; };
		7D0275FED28032C8B0EBF619 /* DriveOAuthConfig.swift in Sources */ = {isa = PBXBuildFile; fileRef = 2C6E89F512D30E23FA394920 /* DriveOAuthConfig.swift */; };
		7E841698ED640414701EAA06 /* SettingsSync.swift in Sources */ = {isa = PBXBuildFile; fileRef = 27AA9B610EF8E586B15B8272 /* SettingsSync.swift */; };
		91E1A20C9C7A7256E09478F3 /* VocabSync.swift in Sources */ = {isa = PBXBuildFile; fileRef = E415F2EAEE9A3993EFFAECF3 /* VocabSync.swift */; };
		9CADA75C7242198B47797F51 /* Assets.xcassets in Resources */ = {isa = PBXBuildFile; fileRef = 2E4172276AF5DA5F68946F3B /* Assets.xcassets */; };
		B444D3D843E052F4A2DFCB0A /* ContentView.swift in Sources */ = {isa = PBXBuildFile; fileRef = 6AEF9CCD23B6B64200B0F3EA /* ContentView.swift */; };
		B69B6CD259248BD9DEEED3A2 /* DriveScriptsService.swift in Sources */ = {isa = PBXBuildFile; fileRef = 4798C8E5139D68C60CD06753 /* DriveScriptsService.swift */; };
		C08BBCAC137AD9B715EEFDEE /* DriveAPIClient.swift in Sources */ = {isa = PBXBuildFile; fileRef = 6EB7E1C054C7495AA6CFE5BB /* DriveAPIClient.swift */; };
		C2397A6F49C6CE72BAFC80F3 /* App.swift in Sources */ = {isa = PBXBuildFile; fileRef = 7F2DA866E4B335689C940E34 /* App.swift */; };
		C9E419AFDA3519ECF77D4811 /* BackupService.swift in Sources */ = {isa = PBXBuildFile; fileRef = 6737FBBFF21D98189D60163B /* BackupService.swift */; };
		CC49DB20A76147E5F140953D /* SidePanelToolbar.swift in Sources */ = {isa = PBXBuildFile; fileRef = C66AD16AEFDC8B15B969769E /* SidePanelToolbar.swift */; };
		D1D70FBEBFB7F9601D62C2EF /* NLPTagger.swift in Sources */ = {isa = PBXBuildFile; fileRef = 427BA2A94CD3D1BD5A7DA282 /* NLPTagger.swift */; };
		D2ABD11BF7B42FAF713F0187 /* SubtitleParser.swift in Sources */ = {isa = PBXBuildFile; fileRef = 9A317A500F21BD4DD778665D /* SubtitleParser.swift */; };
		DDCC72026A8BF06C9C42C7E6 /* VocabStyle.swift in Sources */ = {isa = PBXBuildFile; fileRef = 66BB8E344D291B9A7169DEAA /* VocabStyle.swift */; };
		DF0D3C9FE020B3535CB56F7F /* DriveAuthService.swift in Sources */ = {isa = PBXBuildFile; fileRef = C54B4D3B1832D25F787C0D11 /* DriveAuthService.swift */; };
		E5C441EF39285154DD54FD51 /* SubtitleParserSmoke.swift in Sources */ = {isa = PBXBuildFile; fileRef = DCC1DBCA2D2F8F701DFA6F41 /* SubtitleParserSmoke.swift */; };
		E6A65BC7CFC4EC7EB5DE96F5 /* VocabStore.swift in Sources */ = {isa = PBXBuildFile; fileRef = CAD0F18A8DD82CBFAFACA7FA /* VocabStore.swift */; };
		EB1594CDE5EA8B43FDE7D8EA /* ScriptStore.swift in Sources */ = {isa = PBXBuildFile; fileRef = 419C1850A8CE59166330A4AC /* ScriptStore.swift */; };
		EC6FC5FCFB1A116A7CF1B489 /* TokenizedJAView.swift in Sources */ = {isa = PBXBuildFile; fileRef = 0A55E2D5EF937A3E6B27A7AD /* TokenizedJAView.swift */; };
		F04D5BC248D504B4264F62CF /* freq_ja.json in Resources */ = {isa = PBXBuildFile; fileRef = 57BA7E9650B4341DD812BA3E /* freq_ja.json */; };
		F0C62835469B8DC5154B84FF /* CaptionService.swift in Sources */ = {isa = PBXBuildFile; fileRef = 271D4212455C2220D45CE8A8 /* CaptionService.swift */; };
/* End PBXBuildFile section */

/* Begin PBXFileReference section */
		008AF8B086A96EBBC7D78A39 /* CueEditorRow.swift */ = {isa = PBXFileReference; lastKnownFileType = sourcecode.swift; path = CueEditorRow.swift; sourceTree = "<group>"; };
		0A55E2D5EF937A3E6B27A7AD /* TokenizedJAView.swift */ = {isa = PBXFileReference; lastKnownFileType = sourcecode.swift; path = TokenizedJAView.swift; sourceTree = "<group>"; };
		271D4212455C2220D45CE8A8 /* CaptionService.swift */ = {isa = PBXFileReference; lastKnownFileType = sourcecode.swift; path = CaptionService.swift; sourceTree = "<group>"; };
		27AA9B610EF8E586B15B8272 /* SettingsSync.swift */ = {isa = PBXFileReference; lastKnownFileType = sourcecode.swift; path = SettingsSync.swift; sourceTree = "<group>"; };
		27C836678EF7ED9B8585035E /* LayoutSmoke.swift */ = {isa = PBXFileReference; lastKnownFileType = sourcecode.swift; path = LayoutSmoke.swift; sourceTree = "<group>"; };
		2C6E89F512D30E23FA394920 /* DriveOAuthConfig.swift */ = {isa = PBXFileReference; lastKnownFileType = sourcecode.swift; path = DriveOAuthConfig.swift; sourceTree = "<group>"; };
		2E4172276AF5DA5F68946F3B /* Assets.xcassets */ = {isa = PBXFileReference; lastKnownFileType = folder.assetcatalog; path = Assets.xcassets; sourceTree = "<group>"; };
		3627E90D42E2DDF187019E44 /* YouTubeJPCaptionStudioiPhone.app */ = {isa = PBXFileReference; includeInIndex = 0; lastKnownFileType = wrapper.application; path = YouTubeJPCaptionStudioiPhone.app; sourceTree = BUILT_PRODUCTS_DIR; };
		419C1850A8CE59166330A4AC /* ScriptStore.swift */ = {isa = PBXFileReference; lastKnownFileType = sourcecode.swift; path = ScriptStore.swift; sourceTree = "<group>"; };
		427BA2A94CD3D1BD5A7DA282 /* NLPTagger.swift */ = {isa = PBXFileReference; lastKnownFileType = sourcecode.swift; path = NLPTagger.swift; sourceTree = "<group>"; };
		4798C8E5139D68C60CD06753 /* DriveScriptsService.swift */ = {isa = PBXFileReference; lastKnownFileType = sourcecode.swift; path = DriveScriptsService.swift; sourceTree = "<group>"; };
		4E7A9D5AA7AB8DD101189896 /* DictPopupView.swift */ = {isa = PBXFileReference; lastKnownFileType = sourcecode.swift; path = DictPopupView.swift; sourceTree = "<group>"; };
		57BA7E9650B4341DD812BA3E /* freq_ja.json */ = {isa = PBXFileReference; lastKnownFileType = text.json; path = freq_ja.json; sourceTree = "<group>"; };
		641C0D6A1A177CEF04ABCE1B /* HardsubOverlayView.swift */ = {isa = PBXFileReference; lastKnownFileType = sourcecode.swift; path = HardsubOverlayView.swift; sourceTree = "<group>"; };
		66BB8E344D291B9A7169DEAA /* VocabStyle.swift */ = {isa = PBXFileReference; lastKnownFileType = sourcecode.swift; path = VocabStyle.swift; sourceTree = "<group>"; };
		6737FBBFF21D98189D60163B /* BackupService.swift */ = {isa = PBXFileReference; lastKnownFileType = sourcecode.swift; path = BackupService.swift; sourceTree = "<group>"; };
		6AEF9CCD23B6B64200B0F3EA /* ContentView.swift */ = {isa = PBXFileReference; lastKnownFileType = sourcecode.swift; path = ContentView.swift; sourceTree = "<group>"; };
		6EB7E1C054C7495AA6CFE5BB /* DriveAPIClient.swift */ = {isa = PBXFileReference; lastKnownFileType = sourcecode.swift; path = DriveAPIClient.swift; sourceTree = "<group>"; };
		792772A0D58934B45726519D /* FreqService.swift */ = {isa = PBXFileReference; lastKnownFileType = sourcecode.swift; path = FreqService.swift; sourceTree = "<group>"; };
		7F2DA866E4B335689C940E34 /* App.swift */ = {isa = PBXFileReference; lastKnownFileType = sourcecode.swift; path = App.swift; sourceTree = "<group>"; };
		9A317A500F21BD4DD778665D /* SubtitleParser.swift */ = {isa = PBXFileReference; lastKnownFileType = sourcecode.swift; path = SubtitleParser.swift; sourceTree = "<group>"; };
		B883C2D182FCCB052DB62AB7 /* dict.sqlite */ = {isa = PBXFileReference; lastKnownFileType = file; path = dict.sqlite; sourceTree = "<group>"; };
		C54B4D3B1832D25F787C0D11 /* DriveAuthService.swift */ = {isa = PBXFileReference; lastKnownFileType = sourcecode.swift; path = DriveAuthService.swift; sourceTree = "<group>"; };
		C66AD16AEFDC8B15B969769E /* SidePanelToolbar.swift */ = {isa = PBXFileReference; lastKnownFileType = sourcecode.swift; path = SidePanelToolbar.swift; sourceTree = "<group>"; };
		CAD0F18A8DD82CBFAFACA7FA /* VocabStore.swift */ = {isa = PBXFileReference; lastKnownFileType = sourcecode.swift; path = VocabStore.swift; sourceTree = "<group>"; };
		DAF29E3058D31465754DE87B /* DictionaryService.swift */ = {isa = PBXFileReference; lastKnownFileType = sourcecode.swift; path = DictionaryService.swift; sourceTree = "<group>"; };
		DBC06CACB5E21ED0F45E33D4 /* YouTubeURL.swift */ = {isa = PBXFileReference; lastKnownFileType = sourcecode.swift; path = YouTubeURL.swift; sourceTree = "<group>"; };
		DCC1DBCA2D2F8F701DFA6F41 /* SubtitleParserSmoke.swift */ = {isa = PBXFileReference; lastKnownFileType = sourcecode.swift; path = SubtitleParserSmoke.swift; sourceTree = "<group>"; };
		E415F2EAEE9A3993EFFAECF3 /* VocabSync.swift */ = {isa = PBXFileReference; lastKnownFileType = sourcecode.swift; path = VocabSync.swift; sourceTree = "<group>"; };
/* End PBXFileReference section */

/* Begin PBXGroup section */
		381997A0824CACFFE724B7F2 /* Products */ = {
			isa = PBXGroup;
			children = (
				3627E90D42E2DDF187019E44 /* YouTubeJPCaptionStudioiPhone.app */,
			);
			name = Products;
			sourceTree = "<group>";
		};
		3BE5F1EA07B17741D3D92330 /* Resources */ = {
			isa = PBXGroup;
			children = (
				B883C2D182FCCB052DB62AB7 /* dict.sqlite */,
				57BA7E9650B4341DD812BA3E /* freq_ja.json */,
			);
			path = Resources;
			sourceTree = "<group>";
		};
		46038D51DDC50696F243A11E /* Views */ = {
			isa = PBXGroup;
			children = (
				6AEF9CCD23B6B64200B0F3EA /* ContentView.swift */,
				008AF8B086A96EBBC7D78A39 /* CueEditorRow.swift */,
				4E7A9D5AA7AB8DD101189896 /* DictPopupView.swift */,
				641C0D6A1A177CEF04ABCE1B /* HardsubOverlayView.swift */,
				C66AD16AEFDC8B15B969769E /* SidePanelToolbar.swift */,
				0A55E2D5EF937A3E6B27A7AD /* TokenizedJAView.swift */,
			);
			path = Views;
			sourceTree = "<group>";
		};
		8F418480D45E3F154DF5B6E5 /* Models */ = {
			isa = PBXGroup;
			children = (
				419C1850A8CE59166330A4AC /* ScriptStore.swift */,
				CAD0F18A8DD82CBFAFACA7FA /* VocabStore.swift */,
			);
			path = Models;
			sourceTree = "<group>";
		};
		91373771969A1CB966C0C440 /* Services */ = {
			isa = PBXGroup;
			children = (
				6737FBBFF21D98189D60163B /* BackupService.swift */,
				271D4212455C2220D45CE8A8 /* CaptionService.swift */,
				DAF29E3058D31465754DE87B /* DictionaryService.swift */,
				6EB7E1C054C7495AA6CFE5BB /* DriveAPIClient.swift */,
				C54B4D3B1832D25F787C0D11 /* DriveAuthService.swift */,
				2C6E89F512D30E23FA394920 /* DriveOAuthConfig.swift */,
				4798C8E5139D68C60CD06753 /* DriveScriptsService.swift */,
				792772A0D58934B45726519D /* FreqService.swift */,
				27C836678EF7ED9B8585035E /* LayoutSmoke.swift */,
				427BA2A94CD3D1BD5A7DA282 /* NLPTagger.swift */,
				27AA9B610EF8E586B15B8272 /* SettingsSync.swift */,
				9A317A500F21BD4DD778665D /* SubtitleParser.swift */,
				DCC1DBCA2D2F8F701DFA6F41 /* SubtitleParserSmoke.swift */,
				66BB8E344D291B9A7169DEAA /* VocabStyle.swift */,
				E415F2EAEE9A3993EFFAECF3 /* VocabSync.swift */,
				DBC06CACB5E21ED0F45E33D4 /* YouTubeURL.swift */,
			);
			path = Services;
			sourceTree = "<group>";
		};
		F07E1F938E3A9963D046E6D6 = {
			isa = PBXGroup;
			children = (
				7F2DA866E4B335689C940E34 /* App.swift */,
				2E4172276AF5DA5F68946F3B /* Assets.xcassets */,
				8F418480D45E3F154DF5B6E5 /* Models */,
				3BE5F1EA07B17741D3D92330 /* Resources */,
				91373771969A1CB966C0C440 /* Services */,
				46038D51DDC50696F243A11E /* Views */,
				381997A0824CACFFE724B7F2 /* Products */,
			);
			sourceTree = "<group>";
		};
/* End PBXGroup section */

/* Begin PBXNativeTarget section */
		3764802B6D24709B4D5CBE09 /* YouTubeJPCaptionStudioiPhone */ = {
			isa = PBXNativeTarget;
			buildConfigurationList = 981CF0B3DDD3B8A503F476B6 /* Build configuration list for PBXNativeTarget "YouTubeJPCaptionStudioiPhone" */;
			buildPhases = (
				5685A724A0234552EAB8AEFF /* Sources */,
				1C75AEC55BA98498206D5456 /* Resources */,
			);
			buildRules = (
			);
			dependencies = (
			);
			name = YouTubeJPCaptionStudioiPhone;
			packageProductDependencies = (
			);
			productName = YouTubeJPCaptionStudioiPhone;
			productReference = 3627E90D42E2DDF187019E44 /* YouTubeJPCaptionStudioiPhone.app */;
			productType = "com.apple.product-type.application";
		};
/* End PBXNativeTarget section */

/* Begin PBXProject section */
		47827441BCC933DB390FD76D /* Project object */ = {
			isa = PBXProject;
			attributes = {
				BuildIndependentTargetsInParallel = YES;
				LastUpgradeCheck = 1430;
				TargetAttributes = {
					3764802B6D24709B4D5CBE09 = {
						DevelopmentTeam = 44T7Y77WAJ;
						ProvisioningStyle = Automatic;
					};
				};
			};
			buildConfigurationList = DBE556291F8444649957D2D0 /* Build configuration list for PBXProject "YouTubeJPCaptionStudioiPhone" */;
			developmentRegion = en;
			hasScannedForEncodings = 0;
			knownRegions = (
				Base,
				en,
			);
			mainGroup = F07E1F938E3A9963D046E6D6;
			minimizedProjectReferenceProxies = 1;
			preferredProjectObjectVersion = 77;
			productRefGroup = 381997A0824CACFFE724B7F2 /* Products */;
			projectDirPath = "";
			projectRoot = "";
			targets = (
				3764802B6D24709B4D5CBE09 /* YouTubeJPCaptionStudioiPhone */,
			);
		};
/* End PBXProject section */

/* Begin PBXResourcesBuildPhase section */
		1C75AEC55BA98498206D5456 /* Resources */ = {
			isa = PBXResourcesBuildPhase;
			buildActionMask = 2147483647;
			files = (
				9CADA75C7242198B47797F51 /* Assets.xcassets in Resources */,
				4311DC1436E7370D8F64AC22 /* dict.sqlite in Resources */,
				F04D5BC248D504B4264F62CF /* freq_ja.json in Resources */,
			);
			runOnlyForDeploymentPostprocessing = 0;
		};
/* End PBXResourcesBuildPhase section */

/* Begin PBXSourcesBuildPhase section */
		5685A724A0234552EAB8AEFF /* Sources */ = {
			isa = PBXSourcesBuildPhase;
			buildActionMask = 2147483647;
			files = (
				C2397A6F49C6CE72BAFC80F3 /* App.swift in Sources */,
				C9E419AFDA3519ECF77D4811 /* BackupService.swift in Sources */,
				F0C62835469B8DC5154B84FF /* CaptionService.swift in Sources */,
				B444D3D843E052F4A2DFCB0A /* ContentView.swift in Sources */,
				1345ED45A537400D06B9D298 /* CueEditorRow.swift in Sources */,
				3EA303D952E882591535A41E /* DictPopupView.swift in Sources */,
				6F7640688EB87BEF5EDDB59D /* DictionaryService.swift in Sources */,
				C08BBCAC137AD9B715EEFDEE /* DriveAPIClient.swift in Sources */,
				DF0D3C9FE020B3535CB56F7F /* DriveAuthService.swift in Sources */,
				7D0275FED28032C8B0EBF619 /* DriveOAuthConfig.swift in Sources */,
				B69B6CD259248BD9DEEED3A2 /* DriveScriptsService.swift in Sources */,
				07FF03F6EFBA414BDFF2961E /* FreqService.swift in Sources */,
				01C86B691A8F11FBA2F4E03B /* HardsubOverlayView.swift in Sources */,
				612AFEB9A6EAC577064641FE /* LayoutSmoke.swift in Sources */,
				D1D70FBEBFB7F9601D62C2EF /* NLPTagger.swift in Sources */,
				EB1594CDE5EA8B43FDE7D8EA /* ScriptStore.swift in Sources */,
				7E841698ED640414701EAA06 /* SettingsSync.swift in Sources */,
				CC49DB20A76147E5F140953D /* SidePanelToolbar.swift in Sources */,
				D2ABD11BF7B42FAF713F0187 /* SubtitleParser.swift in Sources */,
				E5C441EF39285154DD54FD51 /* SubtitleParserSmoke.swift in Sources */,
				EC6FC5FCFB1A116A7CF1B489 /* TokenizedJAView.swift in Sources */,
				E6A65BC7CFC4EC7EB5DE96F5 /* VocabStore.swift in Sources */,
				DDCC72026A8BF06C9C42C7E6 /* VocabStyle.swift in Sources */,
				91E1A20C9C7A7256E09478F3 /* VocabSync.swift in Sources */,
				03DA3614A1137ED2D5E8DEAC /* YouTubeURL.swift in Sources */,
			);
			runOnlyForDeploymentPostprocessing = 0;
		};
/* End PBXSourcesBuildPhase section */

/* Begin XCBuildConfiguration section */
		2D271B947F14B7E3A08FDE74 /* Release */ = {
			isa = XCBuildConfiguration;
			buildSettings = {
				ALWAYS_SEARCH_USER_PATHS = NO;
				CLANG_ANALYZER_NONNULL = YES;
				CLANG_ANALYZER_NUMBER_OBJECT_CONVERSION = YES_AGGRESSIVE;
				CLANG_CXX_LANGUAGE_STANDARD = "gnu++14";
				CLANG_CXX_LIBRARY = "libc++";
				CLANG_ENABLE_MODULES = YES;
				CLANG_ENABLE_OBJC_ARC = YES;
				CLANG_ENABLE_OBJC_WEAK = YES;
				CLANG_WARN_BLOCK_CAPTURE_AUTORELEASING = YES;
				CLANG_WARN_BOOL_CONVERSION = YES;
				CLANG_WARN_COMMA = YES;
				CLANG_WARN_CONSTANT_CONVERSION = YES;
				CLANG_WARN_DEPRECATED_OBJC_IMPLEMENTATIONS = YES;
				CLANG_WARN_DIRECT_OBJC_ISA_USAGE = YES_ERROR;
				CLANG_WARN_DOCUMENTATION_COMMENTS = YES;
				CLANG_WARN_EMPTY_BODY = YES;
				CLANG_WARN_ENUM_CONVERSION = YES;
				CLANG_WARN_INFINITE_RECURSION = YES;
				CLANG_WARN_INT_CONVERSION = YES;
				CLANG_WARN_NON_LITERAL_NULL_CONVERSION = YES;
				CLANG_WARN_OBJC_IMPLICIT_RETAIN_SELF = YES;
				CLANG_WARN_OBJC_LITERAL_CONVERSION = YES;
				CLANG_WARN_OBJC_ROOT_CLASS = YES_ERROR;
				CLANG_WARN_QUOTED_INCLUDE_IN_FRAMEWORK_HEADER = YES;
				CLANG_WARN_RANGE_LOOP_ANALYSIS = YES;
				CLANG_WARN_STRICT_PROTOTYPES = YES;
				CLANG_WARN_SUSPICIOUS_MOVE = YES;
				CLANG_WARN_UNGUARDED_AVAILABILITY = YES_AGGRESSIVE;
				CLANG_WARN_UNREACHABLE_CODE = YES;
				CLANG_WARN__DUPLICATE_METHOD_MATCH = YES;
				COPY_PHASE_STRIP = NO;
				DEBUG_INFORMATION_FORMAT = "dwarf-with-dsym";
				ENABLE_NS_ASSERTIONS = NO;
				ENABLE_STRICT_OBJC_MSGSEND = YES;
				GCC_C_LANGUAGE_STANDARD = gnu11;
				GCC_NO_COMMON_BLOCKS = YES;
				GCC_WARN_64_TO_32_BIT_CONVERSION = YES;
				GCC_WARN_ABOUT_RETURN_TYPE = YES_ERROR;
				GCC_WARN_UNDECLARED_SELECTOR = YES;
				GCC_WARN_UNINITIALIZED_AUTOS = YES_AGGRESSIVE;
				GCC_WARN_UNUSED_FUNCTION = YES;
				GCC_WARN_UNUSED_VARIABLE = YES;
				MTL_ENABLE_DEBUG_INFO = NO;
				MTL_FAST_MATH = YES;
				PRODUCT_NAME = "$(TARGET_NAME)";
				SDKROOT = iphoneos;
				SWIFT_COMPILATION_MODE = wholemodule;
				SWIFT_OPTIMIZATION_LEVEL = "-O";
				SWIFT_VERSION = 5.0;
			};
			name = Release;
		};
		6BF7E9AC7EE9F90ABB25AE45 /* Release */ = {
			isa = XCBuildConfiguration;
			buildSettings = {
				ASSETCATALOG_COMPILER_APPICON_NAME = AppIcon;
				CODE_SIGN_IDENTITY = "iPhone Developer";
				CODE_SIGN_STYLE = Automatic;
				DEVELOPMENT_TEAM = 44T7Y77WAJ;
				INFOPLIST_FILE = Info.plist;
				IPHONEOS_DEPLOYMENT_TARGET = 17.0;
				LD_RUNPATH_SEARCH_PATHS = (
					"$(inherited)",
					"@executable_path/Frameworks",
				);
				PRODUCT_BUNDLE_IDENTIFIER = com.example.YouTubeJPCaptionStudio.iPhone;
				SDKROOT = iphoneos;
				TARGETED_DEVICE_FAMILY = 1;
			};
			name = Release;
		};
		B7A4764479056A404E6F7F83 /* Debug */ = {
			isa = XCBuildConfiguration;
			buildSettings = {
				ASSETCATALOG_COMPILER_APPICON_NAME = AppIcon;
				CODE_SIGN_IDENTITY = "iPhone Developer";
				CODE_SIGN_STYLE = Automatic;
				DEVELOPMENT_TEAM = 44T7Y77WAJ;
				INFOPLIST_FILE = Info.plist;
				IPHONEOS_DEPLOYMENT_TARGET = 17.0;
				LD_RUNPATH_SEARCH_PATHS = (
					"$(inherited)",
					"@executable_path/Frameworks",
				);
				PRODUCT_BUNDLE_IDENTIFIER = com.example.YouTubeJPCaptionStudio.iPhone;
				SDKROOT = iphoneos;
				TARGETED_DEVICE_FAMILY = 1;
			};
			name = Debug;
		};
		E204C14C39EC37DF780DA588 /* Debug */ = {
			isa = XCBuildConfiguration;
			buildSettings = {
				ALWAYS_SEARCH_USER_PATHS = NO;
				CLANG_ANALYZER_NONNULL = YES;
				CLANG_ANALYZER_NUMBER_OBJECT_CONVERSION = YES_AGGRESSIVE;
				CLANG_CXX_LANGUAGE_STANDARD = "gnu++14";
				CLANG_CXX_LIBRARY = "libc++";
				CLANG_ENABLE_MODULES = YES;
				CLANG_ENABLE_OBJC_ARC = YES;
				CLANG_ENABLE_OBJC_WEAK = YES;
				CLANG_WARN_BLOCK_CAPTURE_AUTORELEASING = YES;
				CLANG_WARN_BOOL_CONVERSION = YES;
				CLANG_WARN_COMMA = YES;
				CLANG_WARN_CONSTANT_CONVERSION = YES;
				CLANG_WARN_DEPRECATED_OBJC_IMPLEMENTATIONS = YES;
				CLANG_WARN_DIRECT_OBJC_ISA_USAGE = YES_ERROR;
				CLANG_WARN_DOCUMENTATION_COMMENTS = YES;
				CLANG_WARN_EMPTY_BODY = YES;
				CLANG_WARN_ENUM_CONVERSION = YES;
				CLANG_WARN_INFINITE_RECURSION = YES;
				CLANG_WARN_INT_CONVERSION = YES;
				CLANG_WARN_NON_LITERAL_NULL_CONVERSION = YES;
				CLANG_WARN_OBJC_IMPLICIT_RETAIN_SELF = YES;
				CLANG_WARN_OBJC_LITERAL_CONVERSION = YES;
				CLANG_WARN_OBJC_ROOT_CLASS = YES_ERROR;
				CLANG_WARN_QUOTED_INCLUDE_IN_FRAMEWORK_HEADER = YES;
				CLANG_WARN_RANGE_LOOP_ANALYSIS = YES;
				CLANG_WARN_STRICT_PROTOTYPES = YES;
				CLANG_WARN_SUSPICIOUS_MOVE = YES;
				CLANG_WARN_UNGUARDED_AVAILABILITY = YES_AGGRESSIVE;
				CLANG_WARN_UNREACHABLE_CODE = YES;
				CLANG_WARN__DUPLICATE_METHOD_MATCH = YES;
				COPY_PHASE_STRIP = NO;
				DEBUG_INFORMATION_FORMAT = dwarf;
				ENABLE_STRICT_OBJC_MSGSEND = YES;
				ENABLE_TESTABILITY = YES;
				GCC_C_LANGUAGE_STANDARD = gnu11;
				GCC_DYNAMIC_NO_PIC = NO;
				GCC_NO_COMMON_BLOCKS = YES;
				GCC_OPTIMIZATION_LEVEL = 0;
				GCC_PREPROCESSOR_DEFINITIONS = (
					"$(inherited)",
					"DEBUG=1",
				);
				GCC_WARN_64_TO_32_BIT_CONVERSION = YES;
				GCC_WARN_ABOUT_RETURN_TYPE = YES_ERROR;
				GCC_WARN_UNDECLARED_SELECTOR = YES;
				GCC_WARN_UNINITIALIZED_AUTOS = YES_AGGRESSIVE;
				GCC_WARN_UNUSED_FUNCTION = YES;
				GCC_WARN_UNUSED_VARIABLE = YES;
				MTL_ENABLE_DEBUG_INFO = INCLUDE_SOURCE;
				MTL_FAST_MATH = YES;
				ONLY_ACTIVE_ARCH = YES;
				PRODUCT_NAME = "$(TARGET_NAME)";
				SDKROOT = iphoneos;
				SWIFT_ACTIVE_COMPILATION_CONDITIONS = DEBUG;
				SWIFT_OPTIMIZATION_LEVEL = "-Onone";
				SWIFT_VERSION = 5.0;
			};
			name = Debug;
		};
/* End XCBuildConfiguration section */

/* Begin XCConfigurationList section */
		981CF0B3DDD3B8A503F476B6 /* Build configuration list for PBXNativeTarget "YouTubeJPCaptionStudioiPhone" */ = {
			isa = XCConfigurationList;
			buildConfigurations = (
				B7A4764479056A404E6F7F83 /* Debug */,
				6BF7E9AC7EE9F90ABB25AE45 /* Release */,
			);
			defaultConfigurationIsVisible = 0;
			defaultConfigurationName = Debug;
		};
		DBE556291F8444649957D2D0 /* Build configuration list for PBXProject "YouTubeJPCaptionStudioiPhone" */ = {
			isa = XCConfigurationList;
			buildConfigurations = (
				E204C14C39EC37DF780DA588 /* Debug */,
				2D271B947F14B7E3A08FDE74 /* Release */,
			);
			defaultConfigurationIsVisible = 0;
			defaultConfigurationName = Debug;
		};
/* End XCConfigurationList section */
	};
	rootObject = 47827441BCC933DB390FD76D /* Project object */;
}
